
Microsoft Visual Studio Solution File, Format Version 10.00
# Visual Studio 2008
Project("{2150E333-8FDC-42A3-9474-1A3956D46DE8}") = "Solution Items", "Solution Items", "{6B208E65-C53F-4F73-ACF1-B1FABD1DDF3C}"
	ProjectSection(SolutionItems) = preProject
		build\build.proj = build\build.proj
		ChessCommandLine.txt = ChessCommandLine.txt
		build\Common.Properties = build\Common.Properties
		build\Default.Properties = build\Default.Properties
		build\objectflow.core.proj = build\objectflow.core.proj
		objectflow.Release.Tests.nunit = objectflow.Release.Tests.nunit
		build\Release.Targets = build\Release.Targets
		build\token.txt = build\token.txt
	EndProjectSection
EndProject
Project("{FAE04EC0-301F-11D3-BF4B-00C04F79EFBC}") = "objectflow.core", "objectflow.core\objectflow.core.csproj", "{18BFC8BB-222C-4FB4-A949-36EF486E2D23}"
EndProject
Project("{FAE04EC0-301F-11D3-BF4B-00C04F79EFBC}") = "objectflow.core.tests.unit", "objectflow.core.tests\objectflow.core.tests.unit.csproj", "{F1C234BA-0259-43E8-8EC8-A022A987EAAA}"
EndProject
Project("{FAE04EC0-301F-11D3-BF4B-00C04F79EFBC}") = "objectflow.core.tests.integration", "objectflow.core.integration\objectflow.core.tests.integration.csproj", "{536DD47F-B298-4E53-9A4A-B1E38F02FF4B}"
EndProject
Project("{FAE04EC0-301F-11D3-BF4B-00C04F79EFBC}") = "NunitExtensions", "NunitExtensions\NunitExtensions.csproj", "{CC644633-8550-4466-8237-6683B6D4EB84}"
EndProject
Project("{FAE04EC0-301F-11D3-BF4B-00C04F79EFBC}") = "objectflow.stateful", "objectflow.stateful\objectflow.stateful.csproj", "{D8C4D517-ECAA-4706-A79C-0A55EA443A17}"
EndProject
Project("{FAE04EC0-301F-11D3-BF4B-00C04F79EFBC}") = "objectflow.stateful.tests.unit", "objectflow.stateful.tests.unit\objectflow.stateful.tests.unit.csproj", "{FC891DC2-08FC-4D5C-AAF6-5A705212043B}"
EndProject
Global
	GlobalSection(SolutionConfigurationPlatforms) = preSolution
		Debug|Any CPU = Debug|Any CPU
		Release|Any CPU = Release|Any CPU
	EndGlobalSection
	GlobalSection(ProjectConfigurationPlatforms) = postSolution
		{18BFC8BB-222C-4FB4-A949-36EF486E2D23}.Debug|Any CPU.ActiveCfg = Debug|Any CPU
		{18BFC8BB-222C-4FB4-A949-36EF486E2D23}.Debug|Any CPU.Build.0 = Debug|Any CPU
		{18BFC8BB-222C-4FB4-A949-36EF486E2D23}.Release|Any CPU.ActiveCfg = Release|Any CPU
		{18BFC8BB-222C-4FB4-A949-36EF486E2D23}.Release|Any CPU.Build.0 = Release|Any CPU
		{F1C234BA-0259-43E8-8EC8-A022A987EAAA}.Debug|Any CPU.ActiveCfg = Debug|Any CPU
		{F1C234BA-0259-43E8-8EC8-A022A987EAAA}.Debug|Any CPU.Build.0 = Debug|Any CPU
		{F1C234BA-0259-43E8-8EC8-A022A987EAAA}.Release|Any CPU.ActiveCfg = Release|Any CPU
		{F1C234BA-0259-43E8-8EC8-A022A987EAAA}.Release|Any CPU.Build.0 = Release|Any CPU
		{536DD47F-B298-4E53-9A4A-B1E38F02FF4B}.Debug|Any CPU.ActiveCfg = Debug|Any CPU
		{536DD47F-B298-4E53-9A4A-B1E38F02FF4B}.Debug|Any CPU.Build.0 = Debug|Any CPU
		{536DD47F-B298-4E53-9A4A-B1E38F02FF4B}.Release|Any CPU.ActiveCfg = Release|Any CPU
		{536DD47F-B298-4E53-9A4A-B1E38F02FF4B}.Release|Any CPU.Build.0 = Release|Any CPU
		{CC644633-8550-4466-8237-6683B6D4EB84}.Debug|Any CPU.ActiveCfg = Debug|Any CPU
		{CC644633-8550-4466-8237-6683B6D4EB84}.Debug|Any CPU.Build.0 = Debug|Any CPU
		{CC644633-8550-4466-8237-6683B6D4EB84}.Release|Any CPU.ActiveCfg = Release|Any CPU
		{CC644633-8550-4466-8237-6683B6D4EB84}.Release|Any CPU.Build.0 = Release|Any CPU
		{D8C4D517-ECAA-4706-A79C-0A55EA443A17}.Debug|Any CPU.ActiveCfg = Debug|Any CPU
		{D8C4D517-ECAA-4706-A79C-0A55EA443A17}.Debug|Any CPU.Build.0 = Debug|Any CPU
		{D8C4D517-ECAA-4706-A79C-0A55EA443A17}.Release|Any CPU.ActiveCfg = Release|Any CPU
		{D8C4D517-ECAA-4706-A79C-0A55EA443A17}.Release|Any CPU.Build.0 = Release|Any CPU
		{FC891DC2-08FC-4D5C-AAF6-5A705212043B}.Debug|Any CPU.ActiveCfg = Debug|Any CPU
		{FC891DC2-08FC-4D5C-AAF6-5A705212043B}.Debug|Any CPU.Build.0 = Debug|Any CPU
		{FC891DC2-08FC-4D5C-AAF6-5A705212043B}.Release|Any CPU.ActiveCfg = Release|Any CPU
		{FC891DC2-08FC-4D5C-AAF6-5A705212043B}.Release|Any CPU.Build.0 = Release|Any CPU
	EndGlobalSection
	GlobalSection(SolutionProperties) = preSolution
		HideSolutionNode = FALSE
	EndGlobalSection
EndGlobal
