
Microsoft Visual Studio Solution File, Format Version 11.00
# Visual Studio 2010
Project("{FAE04EC0-301F-11D3-BF4B-00C04F79EFBC}") = "objectflowDemo", "objectflowDemo.csproj", "{87B114A4-2B84-4A76-8281-5D57B7F81570}"
EndProject
Global
	GlobalSection(SolutionConfigurationPlatforms) = preSolution
		Debug|Any CPU = Debug|Any CPU
		Release|Any CPU = Release|Any CPU
	EndGlobalSection
	GlobalSection(ProjectConfigurationPlatforms) = postSolution
		{87B114A4-2B84-4A76-8281-5D57B7F81570}.Debug|Any CPU.ActiveCfg = Debug|Any CPU
		{87B114A4-2B84-4A76-8281-5D57B7F81570}.Debug|Any CPU.Build.0 = Debug|Any CPU
		{87B114A4-2B84-4A76-8281-5D57B7F81570}.Release|Any CPU.ActiveCfg = Release|Any CPU
		{87B114A4-2B84-4A76-8281-5D57B7F81570}.Release|Any CPU.Build.0 = Release|Any CPU
	EndGlobalSection
	GlobalSection(SolutionProperties) = preSolution
		HideSolutionNode = FALSE
	EndGlobalSection
EndGlobal
